dependencies:
- name: common
  repository: https://charts.bitnami.com/bitnami
  version: 2.31.4
- name: app-template
  repository: https://bjw-s-labs.github.io/helm-charts
  version: 4.0.1
digest: sha256:28d93bb3590f1fea9b45aa5fb462e0f2631ee01d998b73250217ee379a36f206
generated: "2025-09-06T16:09:45.225123+02:00"
